
Microsoft Visual Studio Solution File, Format Version 12.00
# Visual Studio Version 16
VisualStudioVersion = 16.0.28407.52
MinimumVisualStudioVersion = 10.0.40219.1
Project("{FAE04EC0-301F-11D3-BF4B-00C04F79EFBC}") = "XLShredSkinEditor", "XLShredSkinEditor\XLShredSkinEditor.csproj", "{1B42804B-58B4-4129-84BF-2D438BBC94E4}"
EndProject
Project("{FAE04EC0-301F-11D3-BF4B-00C04F79EFBC}") = "XLShredSkinEditor Convertor", "XLShredSkinEditor Convertor\XLShredSkinEditor Convertor.csproj", "{7296954F-E27C-4CDB-82AC-FB74A4D98816}"
EndProject
Global
	GlobalSection(SolutionConfigurationPlatforms) = preSolution
		Debug|Any CPU = Debug|Any CPU
		Release|Any CPU = Release|Any CPU
	EndGlobalSection
	GlobalSection(ProjectConfigurationPlatforms) = postSolution
		{1B42804B-58B4-4129-84BF-2D438BBC94E4}.Debug|Any CPU.ActiveCfg = Debug|Any CPU
		{1B42804B-58B4-4129-84BF-2D438BBC94E4}.Debug|Any CPU.Build.0 = Debug|Any CPU
		{1B42804B-58B4-4129-84BF-2D438BBC94E4}.Release|Any CPU.ActiveCfg = Release|Any CPU
		{1B42804B-58B4-4129-84BF-2D438BBC94E4}.Release|Any CPU.Build.0 = Release|Any CPU
		{7296954F-E27C-4CDB-82AC-FB74A4D98816}.Debug|Any CPU.ActiveCfg = Debug|Any CPU
		{7296954F-E27C-4CDB-82AC-FB74A4D98816}.Debug|Any CPU.Build.0 = Debug|Any CPU
		{7296954F-E27C-4CDB-82AC-FB74A4D98816}.Release|Any CPU.ActiveCfg = Release|Any CPU
		{7296954F-E27C-4CDB-82AC-FB74A4D98816}.Release|Any CPU.Build.0 = Release|Any CPU
	EndGlobalSection
	GlobalSection(SolutionProperties) = preSolution
		HideSolutionNode = FALSE
	EndGlobalSection
	GlobalSection(ExtensibilityGlobals) = postSolution
		SolutionGuid = {B86E2C86-AFAB-4694-8490-D8FD2353BCB9}
	EndGlobalSection
EndGlobal
